github.com/dave/astrid v0.0.0-20170323122508-8c2895878b14 h1:YI1gOOdmMk3xodBao7fehcvoZsEeOyy/cfhlpCSPgM4=
github.com/dave/astrid v0.0.0-20170323122508-8c2895878b14/go.mod h1:Sth2QfxfATb/nW4EsrSi2KyJmbcniZ8TgTaji17D6ms=
github.com/dave/brenda v1.1.0 h1:Sl1LlwXnbw7xMhq3y2x11McFu43AjDcwkllxxgZ3EZw=
github.com/dave/brenda v1.1.0/go.mod h1:4wCUr6gSlu5/1Tk7akE5X7UorwiQ8Rij0SKH3/BGMOM=
github.com/dave/patsy v0.0.0-20170606133301-2245ba804d71 h1:KRttsFDmfdLsb6wZPb4sesNbJd8c5HzZSZbsB6w7xPo=
github.com/dave/patsy v0.0.0-20170606133301-2245ba804d71/go.mod h1:QoL10ED5VDNgf52lD3oZY9WU2Ey6UwXvuLuc65u1pVk=
github.com/pkg/errors v0.8.1 h1:iURUrRGxPUNPdy5/HRSm+Yj6okJ6UtLINN0Q9M4+h3I=
github.com/pkg/errors v0.8.1/go.mod h1:bwawxfHBFNV+L2hUp1rHADufV3IMtnDRdf1r5NINEl0=
golang.org/x/tools v0.0.0-20190206041539-40960b6deb8e h1:Io7mpb+aUAGF0MKxbyQ7HQl1VgB+cL6ZJZUFaFNqVV4=
golang.org/x/tools v0.0.0-20190206041539-40960b6deb8e/go.mod h1:n7NCudcB/nEzxVGmLbDWY5pfWTLqBcC2KZ6jyYvM4mQ=
